{
  "lockfileVersion": 1,
  "workspaces": {
    "": {
      "name": "server",
      "dependencies": {
        "@discordjs/rest": "^2.5.0",
        "@ods/db": "../prisma",
        "@types/nodemailer": "^6.4.17",
        "discord-api-types": "^0.38.11",
        "discord.js": "^14.19.3",
        "hono": "^4.7.10",
        "jose": "^6.0.11",
        "nodemailer": "^7.0.3",
        "solid-js": "^1.9.7",
      },
      "devDependencies": {
        "@types/bun": "latest",
      },
    },
  },
  "packages": {
    "@discordjs/builders": ["@discordjs/builders@1.11.2", "", { "dependencies": { "@discordjs/formatters": "^0.6.1", "@discordjs/util": "^1.1.1", "@sapphire/shapeshift": "^4.0.0", "discord-api-types": "^0.38.1", "fast-deep-equal": "^3.1.3", "ts-mixer": "^6.0.4", "tslib": "^2.6.3" } }, "sha512-F1WTABdd8/R9D1icJzajC4IuLyyS8f3rTOz66JsSI3pKvpCAtsMBweu8cyNYsIyvcrKAVn9EPK+Psoymq+XC0A=="],

    "@discordjs/collection": ["@discordjs/collection@2.1.1", "", {}, "sha512-LiSusze9Tc7qF03sLCujF5iZp7K+vRNEDBZ86FT9aQAv3vxMLihUvKvpsCWiQ2DJq1tVckopKm1rxomgNUc9hg=="],

    "@discordjs/formatters": ["@discordjs/formatters@0.6.1", "", { "dependencies": { "discord-api-types": "^0.38.1" } }, "sha512-5cnX+tASiPCqCWtFcFslxBVUaCetB0thvM/JyavhbXInP1HJIEU+Qv/zMrnuwSsX3yWH2lVXNJZeDK3EiP4HHg=="],

    "@discordjs/rest": ["@discordjs/rest@2.5.0", "", { "dependencies": { "@discordjs/collection": "^2.1.1", "@discordjs/util": "^1.1.1", "@sapphire/async-queue": "^1.5.3", "@sapphire/snowflake": "^3.5.3", "@vladfrangu/async_event_emitter": "^2.4.6", "discord-api-types": "^0.38.1", "magic-bytes.js": "^1.10.0", "tslib": "^2.6.3", "undici": "6.21.1" } }, "sha512-PWhchxTzpn9EV3vvPRpwS0EE2rNYB9pvzDU/eLLW3mByJl0ZHZjHI2/wA8EbH2gRMQV7nu+0FoDF84oiPl8VAQ=="],

    "@discordjs/util": ["@discordjs/util@1.1.1", "", {}, "sha512-eddz6UnOBEB1oITPinyrB2Pttej49M9FZQY8NxgEvc3tq6ZICZ19m70RsmzRdDHk80O9NoYN/25AqJl8vPVf/g=="],

    "@discordjs/ws": ["@discordjs/ws@1.2.2", "", { "dependencies": { "@discordjs/collection": "^2.1.0", "@discordjs/rest": "^2.5.0", "@discordjs/util": "^1.1.0", "@sapphire/async-queue": "^1.5.2", "@types/ws": "^8.5.10", "@vladfrangu/async_event_emitter": "^2.2.4", "discord-api-types": "^0.38.1", "tslib": "^2.6.2", "ws": "^8.17.0" } }, "sha512-dyfq7yn0wO0IYeYOs3z79I6/HumhmKISzFL0Z+007zQJMtAFGtt3AEoq1nuLXtcunUE5YYYQqgKvybXukAK8/w=="],

    "@ods/db": ["@ods/db@file:../prisma", { "dependencies": { "@prisma/client": "^6.8.2", "prisma": "^6.8.2" } }],

    "@prisma/client": ["@prisma/client@6.9.0", "", { "peerDependencies": { "prisma": "*", "typescript": ">=5.1.0" }, "optionalPeers": ["prisma", "typescript"] }, "sha512-Gg7j1hwy3SgF1KHrh0PZsYvAaykeR0PaxusnLXydehS96voYCGt1U5zVR31NIouYc63hWzidcrir1a7AIyCsNQ=="],

    "@prisma/config": ["@prisma/config@6.9.0", "", { "dependencies": { "jiti": "2.4.2" } }, "sha512-Wcfk8/lN3WRJd5w4jmNQkUwhUw0eksaU/+BlAJwPQKW10k0h0LC9PD/6TQFmqKVbHQL0vG2z266r0S1MPzzhbA=="],

    "@prisma/debug": ["@prisma/debug@6.9.0", "", {}, "sha512-bFeur/qi/Q+Mqk4JdQ3R38upSYPebv5aOyD1RKywVD+rAMLtRkmTFn28ZuTtVOnZHEdtxnNOCH+bPIeSGz1+Fg=="],

    "@prisma/engines": ["@prisma/engines@6.9.0", "", { "dependencies": { "@prisma/debug": "6.9.0", "@prisma/engines-version": "6.9.0-10.81e4af48011447c3cc503a190e86995b66d2a28e", "@prisma/fetch-engine": "6.9.0", "@prisma/get-platform": "6.9.0" } }, "sha512-im0X0bwDLA0244CDf8fuvnLuCQcBBdAGgr+ByvGfQY9wWl6EA+kRGwVk8ZIpG65rnlOwtaWIr/ZcEU5pNVvq9g=="],

    "@prisma/engines-version": ["@prisma/engines-version@6.9.0-10.81e4af48011447c3cc503a190e86995b66d2a28e", "", {}, "sha512-Qp9gMoBHgqhKlrvumZWujmuD7q4DV/gooEyPCLtbkc13EZdSz2RsGUJ5mHb3RJgAbk+dm6XenqG7obJEhXcJ6Q=="],

    "@prisma/fetch-engine": ["@prisma/fetch-engine@6.9.0", "", { "dependencies": { "@prisma/debug": "6.9.0", "@prisma/engines-version": "6.9.0-10.81e4af48011447c3cc503a190e86995b66d2a28e", "@prisma/get-platform": "6.9.0" } }, "sha512-PMKhJdl4fOdeE3J3NkcWZ+tf3W6rx3ht/rLU8w4SXFRcLhd5+3VcqY4Kslpdm8osca4ej3gTfB3+cSk5pGxgFg=="],

    "@prisma/get-platform": ["@prisma/get-platform@6.9.0", "", { "dependencies": { "@prisma/debug": "6.9.0" } }, "sha512-/B4n+5V1LI/1JQcHp+sUpyRT1bBgZVPHbsC4lt4/19Xp4jvNIVcq5KYNtQDk5e/ukTSjo9PZVAxxy9ieFtlpTQ=="],

    "@sapphire/async-queue": ["@sapphire/async-queue@1.5.5", "", {}, "sha512-cvGzxbba6sav2zZkH8GPf2oGk9yYoD5qrNWdu9fRehifgnFZJMV+nuy2nON2roRO4yQQ+v7MK/Pktl/HgfsUXg=="],

    "@sapphire/shapeshift": ["@sapphire/shapeshift@4.0.0", "", { "dependencies": { "fast-deep-equal": "^3.1.3", "lodash": "^4.17.21" } }, "sha512-d9dUmWVA7MMiKobL3VpLF8P2aeanRTu6ypG2OIaEv/ZHH/SUQ2iHOVyi5wAPjQ+HmnMuL0whK9ez8I/raWbtIg=="],

    "@sapphire/snowflake": ["@sapphire/snowflake@3.5.5", "", {}, "sha512-xzvBr1Q1c4lCe7i6sRnrofxeO1QTP/LKQ6A6qy0iB4x5yfiSfARMEQEghojzTNALDTcv8En04qYNIco9/K9eZQ=="],

    "@types/bun": ["@types/bun@1.2.15", "", { "dependencies": { "bun-types": "1.2.15" } }, "sha512-U1ljPdBEphF0nw1MIk0hI7kPg7dFdPyM7EenHsp6W5loNHl7zqy6JQf/RKCgnUn2KDzUpkBwHPnEJEjII594bA=="],

    "@types/node": ["@types/node@22.15.29", "", { "dependencies": { "undici-types": "~6.21.0" } }, "sha512-LNdjOkUDlU1RZb8e1kOIUpN1qQUlzGkEtbVNo53vbrwDg5om6oduhm4SiUaPW5ASTXhAiP0jInWG8Qx9fVlOeQ=="],

    "@types/nodemailer": ["@types/nodemailer@6.4.17", "", { "dependencies": { "@types/node": "*" } }, "sha512-I9CCaIp6DTldEg7vyUTZi8+9Vo0hi1/T8gv3C89yk1rSAAzoKQ8H8ki/jBYJSFoH/BisgLP8tkZMlQ91CIquww=="],

    "@types/ws": ["@types/ws@8.18.1", "", { "dependencies": { "@types/node": "*" } }, "sha512-ThVF6DCVhA8kUGy+aazFQ4kXQ7E1Ty7A3ypFOe0IcJV8O/M511G99AW24irKrW56Wt44yG9+ij8FaqoBGkuBXg=="],

    "@vladfrangu/async_event_emitter": ["@vladfrangu/async_event_emitter@2.4.6", "", {}, "sha512-RaI5qZo6D2CVS6sTHFKg1v5Ohq/+Bo2LZ5gzUEwZ/WkHhwtGTCB/sVLw8ijOkAUxasZ+WshN/Rzj4ywsABJ5ZA=="],

    "bun-types": ["bun-types@1.2.15", "", { "dependencies": { "@types/node": "*" } }, "sha512-NarRIaS+iOaQU1JPfyKhZm4AsUOrwUOqRNHY0XxI8GI8jYxiLXLcdjYMG9UKS+fwWasc1uw1htV9AX24dD+p4w=="],

    "csstype": ["csstype@3.1.3", "", {}, "sha512-M1uQkMl8rQK/szD0LNhtqxIPLpimGm8sOBwU7lLnCpSbTyY3yeU1Vc7l4KT5zT4s/yOxHH5O7tIuuLOCnLADRw=="],

    "discord-api-types": ["discord-api-types@0.38.11", "", {}, "sha512-XN0qhcQpetkyb/49hcDHuoeUPsQqOkb17wbV/t48gUkoEDi4ajhsxqugGcxvcN17BBtI9FPPWEgzv6IhQmCwyw=="],

    "discord.js": ["discord.js@14.19.3", "", { "dependencies": { "@discordjs/builders": "^1.11.2", "@discordjs/collection": "1.5.3", "@discordjs/formatters": "^0.6.1", "@discordjs/rest": "^2.5.0", "@discordjs/util": "^1.1.1", "@discordjs/ws": "^1.2.2", "@sapphire/snowflake": "3.5.3", "discord-api-types": "^0.38.1", "fast-deep-equal": "3.1.3", "lodash.snakecase": "4.1.1", "magic-bytes.js": "^1.10.0", "tslib": "^2.6.3", "undici": "6.21.1" } }, "sha512-lncTRk0k+8Q5D3nThnODBR8fR8x2fM798o8Vsr40Krx0DjPwpZCuxxTcFMrXMQVOqM1QB9wqWgaXPg3TbmlHqA=="],

    "fast-deep-equal": ["fast-deep-equal@3.1.3", "", {}, "sha512-f3qQ9oQy9j2AhBe/H9VC91wLmKBCCU/gDOnKNAYG5hswO7BLKj09Hc5HYNz9cGI++xlpDCIgDaitVs03ATR84Q=="],

    "hono": ["hono@4.7.11", "", {}, "sha512-rv0JMwC0KALbbmwJDEnxvQCeJh+xbS3KEWW5PC9cMJ08Ur9xgatI0HmtgYZfOdOSOeYsp5LO2cOhdI8cLEbDEQ=="],

    "jiti": ["jiti@2.4.2", "", { "bin": { "jiti": "lib/jiti-cli.mjs" } }, "sha512-rg9zJN+G4n2nfJl5MW3BMygZX56zKPNVEYYqq7adpmMh4Jn2QNEwhvQlFy6jPVdcod7txZtKHWnyZiA3a0zP7A=="],

    "jose": ["jose@6.0.11", "", {}, "sha512-QxG7EaliDARm1O1S8BGakqncGT9s25bKL1WSf6/oa17Tkqwi8D2ZNglqCF+DsYF88/rV66Q/Q2mFAy697E1DUg=="],

    "lodash": ["lodash@4.17.21", "", {}, "sha512-v2kDEe57lecTulaDIuNTPy3Ry4gLGJ6Z1O3vE1krgXZNrsQ+LFTGHVxVjcXPs17LhbZVGedAJv8XZ1tvj5FvSg=="],

    "lodash.snakecase": ["lodash.snakecase@4.1.1", "", {}, "sha512-QZ1d4xoBHYUeuouhEq3lk3Uq7ldgyFXGBhg04+oRLnIz8o9T65Eh+8YdroUwn846zchkA9yDsDl5CVVaV2nqYw=="],

    "magic-bytes.js": ["magic-bytes.js@1.12.1", "", {}, "sha512-ThQLOhN86ZkJ7qemtVRGYM+gRgR8GEXNli9H/PMvpnZsE44Xfh3wx9kGJaldg314v85m+bFW6WBMaVHJc/c3zA=="],

    "nodemailer": ["nodemailer@7.0.3", "", {}, "sha512-Ajq6Sz1x7cIK3pN6KesGTah+1gnwMnx5gKl3piQlQQE/PwyJ4Mbc8is2psWYxK3RJTVeqsDaCv8ZzXLCDHMTZw=="],

    "prisma": ["prisma@6.9.0", "", { "dependencies": { "@prisma/config": "6.9.0", "@prisma/engines": "6.9.0" }, "peerDependencies": { "typescript": ">=5.1.0" }, "optionalPeers": ["typescript"], "bin": { "prisma": "build/index.js" } }, "sha512-resJAwMyZREC/I40LF6FZ6rZTnlrlrYrb63oW37Gq+U+9xHwbyMSPJjKtM7VZf3gTO86t/Oyz+YeSXr3CmAY1Q=="],

    "seroval": ["seroval@1.3.2", "", {}, "sha512-RbcPH1n5cfwKrru7v7+zrZvjLurgHhGyso3HTyGtRivGWgYjbOmGuivCQaORNELjNONoK35nj28EoWul9sb1zQ=="],

    "seroval-plugins": ["seroval-plugins@1.3.2", "", { "peerDependencies": { "seroval": "^1.0" } }, "sha512-0QvCV2lM3aj/U3YozDiVwx9zpH0q8A60CTWIv4Jszj/givcudPb48B+rkU5D51NJ0pTpweGMttHjboPa9/zoIQ=="],

    "solid-js": ["solid-js@1.9.7", "", { "dependencies": { "csstype": "^3.1.0", "seroval": "~1.3.0", "seroval-plugins": "~1.3.0" } }, "sha512-/saTKi8iWEM233n5OSi1YHCCuh66ZIQ7aK2hsToPe4tqGm7qAejU1SwNuTPivbWAYq7SjuHVVYxxuZQNRbICiw=="],

    "ts-mixer": ["ts-mixer@6.0.4", "", {}, "sha512-ufKpbmrugz5Aou4wcr5Wc1UUFWOLhq+Fm6qa6P0w0K5Qw2yhaUoiWszhCVuNQyNwrlGiscHOmqYoAox1PtvgjA=="],

    "tslib": ["tslib@2.8.1", "", {}, "sha512-oJFu94HQb+KVduSUQL7wnpmqnfmLsOA/nAh6b6EH0wCEoK0/mPeXU6c3wKDV83MkOuHPRHtSXKKU99IBazS/2w=="],

    "undici": ["undici@6.21.1", "", {}, "sha512-q/1rj5D0/zayJB2FraXdaWxbhWiNKDvu8naDT2dl1yTlvJp4BLtOcp2a5BvgGNQpYYJzau7tf1WgKv3b+7mqpQ=="],

    "undici-types": ["undici-types@6.21.0", "", {}, "sha512-iwDZqg0QAGrg9Rav5H4n0M64c3mkR59cJ6wQp+7C4nI0gsmExaedaYLNO44eT4AtBBwjbTiGPMlt2Md0T9H9JQ=="],

    "ws": ["ws@8.18.2", "", { "peerDependencies": { "bufferutil": "^4.0.1", "utf-8-validate": ">=5.0.2" }, "optionalPeers": ["bufferutil", "utf-8-validate"] }, "sha512-DMricUmwGZUVr++AEAe2uiVM7UoO9MAVZMDu05UQOaUII0lp+zOzLLU4Xqh/JvTqklB1T4uELaaPBKyjE1r4fQ=="],

    "discord.js/@discordjs/collection": ["@discordjs/collection@1.5.3", "", {}, "sha512-SVb428OMd3WO1paV3rm6tSjM4wC+Kecaa1EUGX7vc6/fddvw/6lg90z4QtCqm21zvVe92vMMDt9+DkIvjXImQQ=="],

    "discord.js/@sapphire/snowflake": ["@sapphire/snowflake@3.5.3", "", {}, "sha512-jjmJywLAFoWeBi1W7994zZyiNWPIiqRRNAmSERxyg93xRGzNYvGjlZ0gR6x0F4gPRi2+0O6S71kOZYyr3cxaIQ=="],
  }
}
