lockfileVersion: '9.0'

settings:
  autoInstallPeers: true
  excludeLinksFromLockfile: false

importers:

  .:
    dependencies:
      '@ods/db':
        specifier: ../prisma
        version: link:../prisma
      '@types/nodemailer':
        specifier: ^6.4.17
        version: 6.4.17
      hono:
        specifier: ^4.7.10
        version: 4.7.11
      jose:
        specifier: ^6.0.11
        version: 6.0.11
      nodemailer:
        specifier: ^7.0.3
        version: 7.0.3
      solid-js:
        specifier: ^1.9.7
        version: 1.9.7
    devDependencies:
      '@types/bun':
        specifier: latest
        version: 1.2.15

packages:

  '@types/bun@1.2.15':
    resolution: {integrity: sha512-U1ljPdBEphF0nw1MIk0hI7kPg7dFdPyM7EenHsp6W5loNHl7zqy6JQf/RKCgnUn2KDzUpkBwHPnEJEjII594bA==}

  '@types/node@22.15.29':
    resolution: {integrity: sha512-LNdjOkUDlU1RZb8e1kOIUpN1qQUlzGkEtbVNo53vbrwDg5om6oduhm4SiUaPW5ASTXhAiP0jInWG8Qx9fVlOeQ==}

  '@types/nodemailer@6.4.17':
    resolution: {integrity: sha512-I9CCaIp6DTldEg7vyUTZi8+9Vo0hi1/T8gv3C89yk1rSAAzoKQ8H8ki/jBYJSFoH/BisgLP8tkZMlQ91CIquww==}

  bun-types@1.2.15:
    resolution: {integrity: sha512-NarRIaS+iOaQU1JPfyKhZm4AsUOrwUOqRNHY0XxI8GI8jYxiLXLcdjYMG9UKS+fwWasc1uw1htV9AX24dD+p4w==}

  csstype@3.1.3:
    resolution: {integrity: sha512-M1uQkMl8rQK/szD0LNhtqxIPLpimGm8sOBwU7lLnCpSbTyY3yeU1Vc7l4KT5zT4s/yOxHH5O7tIuuLOCnLADRw==}

  hono@4.7.11:
    resolution: {integrity: sha512-rv0JMwC0KALbbmwJDEnxvQCeJh+xbS3KEWW5PC9cMJ08Ur9xgatI0HmtgYZfOdOSOeYsp5LO2cOhdI8cLEbDEQ==}
    engines: {node: '>=16.9.0'}

  jose@6.0.11:
    resolution: {integrity: sha512-QxG7EaliDARm1O1S8BGakqncGT9s25bKL1WSf6/oa17Tkqwi8D2ZNglqCF+DsYF88/rV66Q/Q2mFAy697E1DUg==}

  nodemailer@7.0.3:
    resolution: {integrity: sha512-Ajq6Sz1x7cIK3pN6KesGTah+1gnwMnx5gKl3piQlQQE/PwyJ4Mbc8is2psWYxK3RJTVeqsDaCv8ZzXLCDHMTZw==}
    engines: {node: '>=6.0.0'}

  seroval-plugins@1.3.2:
    resolution: {integrity: sha512-0QvCV2lM3aj/U3YozDiVwx9zpH0q8A60CTWIv4Jszj/givcudPb48B+rkU5D51NJ0pTpweGMttHjboPa9/zoIQ==}
    engines: {node: '>=10'}
    peerDependencies:
      seroval: ^1.0

  seroval@1.3.2:
    resolution: {integrity: sha512-RbcPH1n5cfwKrru7v7+zrZvjLurgHhGyso3HTyGtRivGWgYjbOmGuivCQaORNELjNONoK35nj28EoWul9sb1zQ==}
    engines: {node: '>=10'}

  solid-js@1.9.7:
    resolution: {integrity: sha512-/saTKi8iWEM233n5OSi1YHCCuh66ZIQ7aK2hsToPe4tqGm7qAejU1SwNuTPivbWAYq7SjuHVVYxxuZQNRbICiw==}

  undici-types@6.21.0:
    resolution: {integrity: sha512-iwDZqg0QAGrg9Rav5H4n0M64c3mkR59cJ6wQp+7C4nI0gsmExaedaYLNO44eT4AtBBwjbTiGPMlt2Md0T9H9JQ==}

snapshots:

  '@types/bun@1.2.15':
    dependencies:
      bun-types: 1.2.15

  '@types/node@22.15.29':
    dependencies:
      undici-types: 6.21.0

  '@types/nodemailer@6.4.17':
    dependencies:
      '@types/node': 22.15.29

  bun-types@1.2.15:
    dependencies:
      '@types/node': 22.15.29

  csstype@3.1.3: {}

  hono@4.7.11: {}

  jose@6.0.11: {}

  nodemailer@7.0.3: {}

  seroval-plugins@1.3.2(seroval@1.3.2):
    dependencies:
      seroval: 1.3.2

  seroval@1.3.2: {}

  solid-js@1.9.7:
    dependencies:
      csstype: 3.1.3
      seroval: 1.3.2
      seroval-plugins: 1.3.2(seroval@1.3.2)

  undici-types@6.21.0: {}
