lockfileVersion: '9.0'

settings:
  autoInstallPeers: true
  excludeLinksFromLockfile: false

importers:

  .:
    dependencies:
      '@ods/db':
        specifier: ../prisma
        version: link:../prisma
      hono:
        specifier: ^4.7.10
        version: 4.7.11
      telegraf:
        specifier: ^4.15.3
        version: 4.16.3
    devDependencies:
      '@types/bun':
        specifier: latest
        version: 1.2.15

packages:

  '@telegraf/types@7.1.0':
    resolution: {integrity: sha512-kGevOIbpMcIlCDeorKGpwZmdH7kHbqlk/Yj6dEpJMKEQw5lk0KVQY0OLXaCswy8GqlIVLd5625OB+rAntP9xVw==}

  '@types/bun@1.2.15':
    resolution: {integrity: sha512-U1ljPdBEphF0nw1MIk0hI7kPg7dFdPyM7EenHsp6W5loNHl7zqy6JQf/RKCgnUn2KDzUpkBwHPnEJEjII594bA==}

  '@types/node@22.15.30':
    resolution: {integrity: sha512-6Q7lr06bEHdlfplU6YRbgG1SFBdlsfNC4/lX+SkhiTs0cpJkOElmWls8PxDFv4yY/xKb8Y6SO0OmSX4wgqTZbA==}

  abort-controller@3.0.0:
    resolution: {integrity: sha512-h8lQ8tacZYnR3vNQTgibj+tODHI5/+l06Au2Pcriv/Gmet0eaj4TwWH41sO9wnHDiQsEj19q0drzdWdeAHtweg==}
    engines: {node: '>=6.5'}

  buffer-alloc-unsafe@1.1.0:
    resolution: {integrity: sha512-TEM2iMIEQdJ2yjPJoSIsldnleVaAk1oW3DBVUykyOLsEsFmEc9kn+SFFPz+gl54KQNxlDnAwCXosOS9Okx2xAg==}

  buffer-alloc@1.2.0:
    resolution: {integrity: sha512-CFsHQgjtW1UChdXgbyJGtnm+O/uLQeZdtbDo8mfUgYXCHSM1wgrVxXm6bSyrUuErEb+4sYVGCzASBRot7zyrow==}

  buffer-fill@1.0.0:
    resolution: {integrity: sha512-T7zexNBwiiaCOGDg9xNX9PBmjrubblRkENuptryuI64URkXDFum9il/JGL8Lm8wYfAXpredVXXZz7eMHilimiQ==}

  bun-types@1.2.15:
    resolution: {integrity: sha512-NarRIaS+iOaQU1JPfyKhZm4AsUOrwUOqRNHY0XxI8GI8jYxiLXLcdjYMG9UKS+fwWasc1uw1htV9AX24dD+p4w==}

  debug@4.4.1:
    resolution: {integrity: sha512-KcKCqiftBJcZr++7ykoDIEwSa3XWowTfNPo92BYxjXiyYEVrUQh2aLyhxBCwww+heortUFxEJYcRzosstTEBYQ==}
    engines: {node: '>=6.0'}
    peerDependencies:
      supports-color: '*'
    peerDependenciesMeta:
      supports-color:
        optional: true

  event-target-shim@5.0.1:
    resolution: {integrity: sha512-i/2XbnSz/uxRCU6+NdVJgKWDTM427+MqYbkQzD321DuCQJUqOuJKIA0IM2+W2xtYHdKOmZ4dR6fExsd4SXL+WQ==}
    engines: {node: '>=6'}

  hono@4.7.11:
    resolution: {integrity: sha512-rv0JMwC0KALbbmwJDEnxvQCeJh+xbS3KEWW5PC9cMJ08Ur9xgatI0HmtgYZfOdOSOeYsp5LO2cOhdI8cLEbDEQ==}
    engines: {node: '>=16.9.0'}

  mri@1.2.0:
    resolution: {integrity: sha512-tzzskb3bG8LvYGFF/mDTpq3jpI6Q9wc3LEmBaghu+DdCssd1FakN7Bc0hVNmEyGq1bq3RgfkCb3cmQLpNPOroA==}
    engines: {node: '>=4'}

  ms@2.1.3:
    resolution: {integrity: sha512-6FlzubTLZG3J2a/NVCAleEhjzq5oxgHyaCU9yYXvcLsvoVaHJq/s5xXI6/XXP6tz7R9xAOtHnSO/tXtF3WRTlA==}

  node-fetch@2.7.0:
    resolution: {integrity: sha512-c4FRfUm/dbcWZ7U+1Wq0AwCyFL+3nt2bEw05wfxSz+DWpWsitgmSgYmy2dQdWyKC1694ELPqMs/YzUSNozLt8A==}
    engines: {node: 4.x || >=6.0.0}
    peerDependencies:
      encoding: ^0.1.0
    peerDependenciesMeta:
      encoding:
        optional: true

  p-timeout@4.1.0:
    resolution: {integrity: sha512-+/wmHtzJuWii1sXn3HCuH/FTwGhrp4tmJTxSKJbfS+vkipci6osxXM5mY0jUiRzWKMTgUT8l7HFbeSwZAynqHw==}
    engines: {node: '>=10'}

  safe-compare@1.1.4:
    resolution: {integrity: sha512-b9wZ986HHCo/HbKrRpBJb2kqXMK9CEWIE1egeEvZsYn69ay3kdfl9nG3RyOcR+jInTDf7a86WQ1d4VJX7goSSQ==}

  sandwich-stream@2.0.2:
    resolution: {integrity: sha512-jLYV0DORrzY3xaz/S9ydJL6Iz7essZeAfnAavsJ+zsJGZ1MOnsS52yRjU3uF3pJa/lla7+wisp//fxOwOH8SKQ==}
    engines: {node: '>= 0.10'}

  telegraf@4.16.3:
    resolution: {integrity: sha512-yjEu2NwkHlXu0OARWoNhJlIjX09dRktiMQFsM678BAH/PEPVwctzL67+tvXqLCRQQvm3SDtki2saGO9hLlz68w==}
    engines: {node: ^12.20.0 || >=14.13.1}
    hasBin: true

  tr46@0.0.3:
    resolution: {integrity: sha512-N3WMsuqV66lT30CrXNbEjx4GEwlow3v6rr4mCcv6prnfwhS01rkgyFdjPNBYd9br7LpXV1+Emh01fHnq2Gdgrw==}

  undici-types@6.21.0:
    resolution: {integrity: sha512-iwDZqg0QAGrg9Rav5H4n0M64c3mkR59cJ6wQp+7C4nI0gsmExaedaYLNO44eT4AtBBwjbTiGPMlt2Md0T9H9JQ==}

  webidl-conversions@3.0.1:
    resolution: {integrity: sha512-2JAn3z8AR6rjK8Sm8orRC0h/bcl/DqL7tRPdGZ4I1CjdF+EaMLmYxBHyXuKL849eucPFhvBoxMsflfOb8kxaeQ==}

  whatwg-url@5.0.0:
    resolution: {integrity: sha512-saE57nupxk6v3HY35+jzBwYa0rKSy0XR8JSxZPwgLr7ys0IBzhGviA1/TUGJLmSVqs8pb9AnvICXEuOHLprYTw==}

snapshots:

  '@telegraf/types@7.1.0': {}

  '@types/bun@1.2.15':
    dependencies:
      bun-types: 1.2.15

  '@types/node@22.15.30':
    dependencies:
      undici-types: 6.21.0

  abort-controller@3.0.0:
    dependencies:
      event-target-shim: 5.0.1

  buffer-alloc-unsafe@1.1.0: {}

  buffer-alloc@1.2.0:
    dependencies:
      buffer-alloc-unsafe: 1.1.0
      buffer-fill: 1.0.0

  buffer-fill@1.0.0: {}

  bun-types@1.2.15:
    dependencies:
      '@types/node': 22.15.30

  debug@4.4.1:
    dependencies:
      ms: 2.1.3

  event-target-shim@5.0.1: {}

  hono@4.7.11: {}

  mri@1.2.0: {}

  ms@2.1.3: {}

  node-fetch@2.7.0:
    dependencies:
      whatwg-url: 5.0.0

  p-timeout@4.1.0: {}

  safe-compare@1.1.4:
    dependencies:
      buffer-alloc: 1.2.0

  sandwich-stream@2.0.2: {}

  telegraf@4.16.3:
    dependencies:
      '@telegraf/types': 7.1.0
      abort-controller: 3.0.0
      debug: 4.4.1
      mri: 1.2.0
      node-fetch: 2.7.0
      p-timeout: 4.1.0
      safe-compare: 1.1.4
      sandwich-stream: 2.0.2
    transitivePeerDependencies:
      - encoding
      - supports-color

  tr46@0.0.3: {}

  undici-types@6.21.0: {}

  webidl-conversions@3.0.1: {}

  whatwg-url@5.0.0:
    dependencies:
      tr46: 0.0.3
      webidl-conversions: 3.0.1
